// !$*UTF8*$!
{
	archiveVersion = 1;
	classes = {
	};
	objectVersion = 46;
	objects = {

/* Begin PBXBuildFile section */
		568E408B1F24DD890005D836 /* main.m in Sources */ = {isa = PBXBuildFile; fileRef = 568E408A1F24DD890005D836 /* main.m */; };
		568E408E1F24DD890005D836 /* AppDelegate.m in Sources */ = {isa = PBXBuildFile; fileRef = 568E408D1F24DD890005D836 /* AppDelegate.m */; };
		568E40911F24DD890005D836 /* ViewController.m in Sources */ = {isa = PBXBuildFile; fileRef = 568E40901F24DD890005D836 /* ViewController.m */; };
		568E40941F24DD890005D836 /* Main.storyboard in Resources */ = {isa = PBXBuildFile; fileRef = 568E40921F24DD890005D836 /* Main.storyboard */; };
		568E40961F24DD890005D836 /* Assets.xcassets in Resources */ = {isa = PBXBuildFile; fileRef = 568E40951F24DD890005D836 /* Assets.xcassets */; };
		568E40991F24DD890005D836 /* LaunchScreen.storyboard in Resources */ = {isa = PBXBuildFile; fileRef = 568E40971F24DD890005D836 /* LaunchScreen.storyboard */; };
/* End PBXBuildFile section */

/* Begin PBXFileReference section */
		568E40861F24DD890005D836 /* TestDeepCopy.app */ = {isa = PBXFileReference; explicitFileType = wrapper.application; includeInIndex = 0; path = TestDeepCopy.app; sourceTree = BUILT_PRODUCTS_DIR; };
		568E408A1F24DD890005D836 /* main.m */ = {isa = PBXFileReference; lastKnownFileType = sourcecode.c.objc; path = main.m; sourceTree = "<group>"; };
		568E408C1F24DD890005D836 /* AppDelegate.h */ = {isa = PBXFileReference; lastKnownFileType = sourcecode.c.h; path = AppDelegate.h; sourceTree = "<group>"; };
		568E408D1F24DD890005D836 /* AppDelegate.m */ = {isa = PBXFileReference; lastKnownFileType = sourcecode.c.objc; path = AppDelegate.m; sourceTree = "<group>"; };
		568E408F1F24DD890005D836 /* ViewController.h */ = {isa = PBXFileReference; lastKnownFileType = sourcecode.c.h; path = ViewController.h; sourceTree = "<group>"; };
		568E40901F24DD890005D836 /* ViewController.m */ = {isa = PBXFileReference; lastKnownFileType = sourcecode.c.objc; path = ViewController.m; sourceTree = "<group>"; };
		568E40931F24DD890005D836 /* Base */ = {isa = PBXFileReference; lastKnownFileType = file.storyboard; name = Base; path = Base.lproj/Main.storyboard; sourceTree = "<group>"; };
		568E40951F24DD890005D836 /* Assets.xcassets */ = {isa = PBXFileReference; lastKnownFileType = folder.assetcatalog; path = Assets.xcassets; sourceTree = "<group>"; };
		568E40981F24DD890005D836 /* Base */ = {isa = PBXFileReference; lastKnownFileType = file.storyboard; name = Base; path = Base.lproj/LaunchScreen.storyboard; sourceTree = "<group>"; };
		568E409A1F24DD890005D836 /* Info.plist */ = {isa = PBXFileReference; lastKnownFileType = text.plist.xml; path = Info.plist; sourceTree = "<group>"; };
/* End PBXFileReference section */

/* Begin PBXFrameworksBuildPhase section */
		568E40831F24DD890005D836 /* Frameworks */ = {
			isa = PBXFrameworksBuildPhase;
			buildActionMask = 2147483647;
			files = (
			);
			runOnlyForDeploymentPostprocessing = 0;
		};
/* End PBXFrameworksBuildPhase section */

/* Begin PBXGroup section */
		568E407D1F24DD890005D836 = {
			isa = PBXGroup;
			children = (
				568E40881F24DD890005D836 /* TestDeepCopy */,
				568E40871F24DD890005D836 /* Products */,
			);
			sourceTree = "<group>";
		};
		568E40871F24DD890005D836 /* Products */ = {
			isa = PBXGroup;
			children = (
				568E40861F24DD890005D836 /* TestDeepCopy.app */,
			);
			name = Products;
			sourceTree = "<group>";
		};
		568E40881F24DD890005D836 /* TestDeepCopy */ = {
			isa = PBXGroup;
			children = (
				568E408C1F24DD890005D836 /* AppDelegate.h */,
				568E408D1F24DD890005D836 /* AppDelegate.m */,
				568E408F1F24DD890005D836 /* ViewController.h */,
				568E40901F24DD890005D836 /* ViewController.m */,
				568E40921F24DD890005D836 /* Main.storyboard */,
				568E40951F24DD890005D836 /* Assets.xcassets */,
				568E40971F24DD890005D836 /* LaunchScreen.storyboard */,
				568E409A1F24DD890005D836 /* Info.plist */,
				568E40891F24DD890005D836 /* Supporting Files */,
			);
			path = TestDeepCopy;
			sourceTree = "<group>";
		};
		568E40891F24DD890005D836 /* Supporting Files */ = {
			isa = PBXGroup;
			children = (
				568E408A1F24DD890005D836 /* main.m */,
			);
			name = "Supporting Files";
			sourceTree = "<group>";
		};
/* End PBXGroup section */

/* Begin PBXNativeTarget section */
		568E40851F24DD890005D836 /* TestDeepCopy */ = {
			isa = PBXNativeTarget;
			buildConfigurationList = 568E409D1F24DD890005D836 /* Build configuration list for PBXNativeTarget "TestDeepCopy" */;
			buildPhases = (
				568E40821F24DD890005D836 /* Sources */,
				568E40831F24DD890005D836 /* Frameworks */,
				568E40841F24DD890005D836 /* Resources */,
			);
			buildRules = (
			);
			dependencies = (
			);
			name = TestDeepCopy;
			productName = TestDeepCopy;
			productReference = 568E40861F24DD890005D836 /* TestDeepCopy.app */;
			productType = "com.apple.product-type.application";
		};
/* End PBXNativeTarget section */

/* Begin PBXProject section */
		568E407E1F24DD890005D836 /* Project object */ = {
			isa = PBXProject;
			attributes = {
				LastUpgradeCheck = 0830;
				ORGANIZATIONNAME = Linsw;
				TargetAttributes = {
					568E40851F24DD890005D836 = {
						CreatedOnToolsVersion = 8.3.2;
						DevelopmentTeam = 544PNK2P78;
						ProvisioningStyle = Automatic;
					};
				};
			};
			buildConfigurationList = 568E40811F24DD890005D836 /* Build configuration list for PBXProject "TestDeepCopy" */;
			compatibilityVersion = "Xcode 3.2";
			developmentRegion = English;
			hasScannedForEncodings = 0;
			knownRegions = (
				en,
				Base,
			);
			mainGroup = 568E407D1F24DD890005D836;
			productRefGroup = 568E40871F24DD890005D836 /* Products */;
			projectDirPath = "";
			projectRoot = "";
			targets = (
				568E40851F24DD890005D836 /* TestDeepCopy */,
			);
		};
/* End PBXProject section */

/* Begin PBXResourcesBuildPhase section */
		568E40841F24DD890005D836 /* Resources */ = {
			isa = PBXResourcesBuildPhase;
			buildActionMask = 2147483647;
			files = (
				568E40991F24DD890005D836 /* LaunchScreen.storyboard in Resources */,
				568E40961F24DD890005D836 /* Assets.xcassets in Resources */,
				568E40941F24DD890005D836 /* Main.storyboard in Resources */,
			);
			runOnlyForDeploymentPostprocessing = 0;
		};
/* End PBXResourcesBuildPhase section */

/* Begin PBXSourcesBuildPhase section */
		568E40821F24DD890005D836 /* Sources */ = {
			isa = PBXSourcesBuildPhase;
			buildActionMask = 2147483647;
			files = (
				568E40911F24DD890005D836 /* ViewController.m in Sources */,
				568E408E1F24DD890005D836 /* AppDelegate.m in Sources */,
				568E408B1F24DD890005D836 /* main.m in Sources */,
			);
			runOnlyForDeploymentPostprocessing = 0;
		};
/* End PBXSourcesBuildPhase section */

/* Begin PBXVariantGroup section */
		568E40921F24DD890005D836 /* Main.storyboard */ = {
			isa = PBXVariantGroup;
			children = (
				568E40931F24DD890005D836 /* Base */,
			);
			name = Main.storyboard;
			sourceTree = "<group>";
		};
		568E40971F24DD890005D836 /* LaunchScreen.storyboard */ = {
			isa = PBXVariantGroup;
			children = (
				568E40981F24DD890005D836 /* Base */,
			);
			name = LaunchScreen.storyboard;
			sourceTree = "<group>";
		};
/* End PBXVariantGroup section */

/* Begin XCBuildConfiguration section */
		568E409B1F24DD890005D836 /* Debug */ = {
			isa = XCBuildConfiguration;
			buildSettings = {
				ALWAYS_SEARCH_USER_PATHS = NO;
				CLANG_ANALYZER_NONNULL = YES;
				CLANG_ANALYZER_NUMBER_OBJECT_CONVERSION = YES_AGGRESSIVE;
				CLANG_CXX_LANGUAGE_STANDARD = "gnu++0x";
				CLANG_CXX_LIBRARY = "libc++";
				CLANG_ENABLE_MODULES = YES;
				CLANG_ENABLE_OBJC_ARC = YES;
				CLANG_WARN_BOOL_CONVERSION = YES;
				CLANG_WARN_CONSTANT_CONVERSION = YES;
				CLANG_WARN_DIRECT_OBJC_ISA_USAGE = YES_ERROR;
				CLANG_WARN_DOCUMENTATION_COMMENTS = YES;
				CLANG_WARN_EMPTY_BODY = YES;
				CLANG_WARN_ENUM_CONVERSION = YES;
				CLANG_WARN_INFINITE_RECURSION = YES;
				CLANG_WARN_INT_CONVERSION = YES;
				CLANG_WARN_OBJC_ROOT_CLASS = YES_ERROR;
				CLANG_WARN_SUSPICIOUS_MOVE = YES;
				CLANG_WARN_UNREACHABLE_CODE = YES;
				CLANG_WARN__DUPLICATE_METHOD_MATCH = YES;
				"CODE_SIGN_IDENTITY[sdk=iphoneos*]" = "iPhone Developer";
				COPY_PHASE_STRIP = NO;
				DEBUG_INFORMATION_FORMAT = dwarf;
				ENABLE_STRICT_OBJC_MSGSEND = YES;
				ENABLE_TESTABILITY = YES;
				GCC_C_LANGUAGE_STANDARD = gnu99;
				GCC_DYNAMIC_NO_PIC = NO;
				GCC_NO_COMMON_BLOCKS = YES;
				GCC_OPTIMIZATION_LEVEL = 0;
				GCC_PREPROCESSOR_DEFINITIONS = (
					"DEBUG=1",
					"$(inherited)",
				);
				GCC_WARN_64_TO_32_BIT_CONVERSION = YES;
				GCC_WARN_ABOUT_RETURN_TYPE = YES_ERROR;
				GCC_WARN_UNDECLARED_SELECTOR = YES;
				GCC_WARN_UNINITIALIZED_AUTOS = YES_AGGRESSIVE;
				GCC_WARN_UNUSED_FUNCTION = YES;
				GCC_WARN_UNUSED_VARIABLE = YES;
				IPHONEOS_DEPLOYMENT_TARGET = 10.3;
				MTL_ENABLE_DEBUG_INFO = YES;
				ONLY_ACTIVE_ARCH = YES;
				SDKROOT = iphoneos;
			};
			name = Debug;
		};
		568E409C1F24DD890005D836 /* Release */ = {
			isa = XCBuildConfiguration;
			buildSettings = {
				ALWAYS_SEARCH_USER_PATHS = NO;
				CLANG_ANALYZER_NONNULL = YES;
				CLANG_ANALYZER_NUMBER_OBJECT_CONVERSION = YES_AGGRESSIVE;
				CLANG_CXX_LANGUAGE_STANDARD = "gnu++0x";
				CLANG_CXX_LIBRARY = "libc++";
				CLANG_ENABLE_MODULES = YES;
				CLANG_ENABLE_OBJC_ARC = YES;
				CLANG_WARN_BOOL_CONVERSION = YES;
				CLANG_WARN_CONSTANT_CONVERSION = YES;
				CLANG_WARN_DIRECT_OBJC_ISA_USAGE = YES_ERROR;
				CLANG_WARN_DOCUMENTATION_COMMENTS = YES;
				CLANG_WARN_EMPTY_BODY = YES;
				CLANG_WARN_ENUM_CONVERSION = YES;
				CLANG_WARN_INFINITE_RECURSION = YES;
				CLANG_WARN_INT_CONVERSION = YES;
				CLANG_WARN_OBJC_ROOT_CLASS = YES_ERROR;
				CLANG_WARN_SUSPICIOUS_MOVE = YES;
				CLANG_WARN_UNREACHABLE_CODE = YES;
				CLANG_WARN__DUPLICATE_METHOD_MATCH = YES;
				"CODE_SIGN_IDENTITY[sdk=iphoneos*]" = "iPhone Developer";
				COPY_PHASE_STRIP = NO;
				DEBUG_INFORMATION_FORMAT = "dwarf-with-dsym";
				ENABLE_NS_ASSERTIONS = NO;
				ENABLE_STRICT_OBJC_MSGSEND = YES;
				GCC_C_LANGUAGE_STANDARD = gnu99;
				GCC_NO_COMMON_BLOCKS = YES;
				GCC_WARN_64_TO_32_BIT_CONVERSION = YES;
				GCC_WARN_ABOUT_RETURN_TYPE = YES_ERROR;
				GCC_WARN_UNDECLARED_SELECTOR = YES;
				GCC_WARN_UNINITIALIZED_AUTOS = YES_AGGRESSIVE;
				GCC_WARN_UNUSED_FUNCTION = YES;
				GCC_WARN_UNUSED_VARIABLE = YES;
				IPHONEOS_DEPLOYMENT_TARGET = 10.3;
				MTL_ENABLE_DEBUG_INFO = NO;
				SDKROOT = iphoneos;
				VALIDATE_PRODUCT = YES;
			};
			name = Release;
		};
		568E409E1F24DD890005D836 /* Debug */ = {
			isa = XCBuildConfiguration;
			buildSettings = {
				ASSETCATALOG_COMPILER_APPICON_NAME = AppIcon;
				CLANG_ENABLE_OBJC_ARC = NO;
				DEVELOPMENT_TEAM = 544PNK2P78;
				INFOPLIST_FILE = TestDeepCopy/Info.plist;
				LD_RUNPATH_SEARCH_PATHS = "$(inherited) @executable_path/Frameworks";
				PRODUCT_BUNDLE_IDENTIFIER = com.linshiwei.TestDeepCopy;
				PRODUCT_NAME = "$(TARGET_NAME)";
			};
			name = Debug;
		};
		568E409F1F24DD890005D836 /* Release */ = {
			isa = XCBuildConfiguration;
			buildSettings = {
				ASSETCATALOG_COMPILER_APPICON_NAME = AppIcon;
				CLANG_ENABLE_OBJC_ARC = NO;
				DEVELOPMENT_TEAM = 544PNK2P78;
				INFOPLIST_FILE = TestDeepCopy/Info.plist;
				LD_RUNPATH_SEARCH_PATHS = "$(inherited) @executable_path/Frameworks";
				PRODUCT_BUNDLE_IDENTIFIER = com.linshiwei.TestDeepCopy;
				PRODUCT_NAME = "$(TARGET_NAME)";
			};
			name = Release;
		};
/* End XCBuildConfiguration section */

/* Begin XCConfigurationList section */
		568E40811F24DD890005D836 /* Build configuration list for PBXProject "TestDeepCopy" */ = {
			isa = XCConfigurationList;
			buildConfigurations = (
				568E409B1F24DD890005D836 /* Debug */,
				568E409C1F24DD890005D836 /* Release */,
			);
			defaultConfigurationIsVisible = 0;
			defaultConfigurationName = Release;
		};
		568E409D1F24DD890005D836 /* Build configuration list for PBXNativeTarget "TestDeepCopy" */ = {
			isa = XCConfigurationList;
			buildConfigurations = (
				568E409E1F24DD890005D836 /* Debug */,
				568E409F1F24DD890005D836 /* Release */,
			);
			defaultConfigurationIsVisible = 0;
			defaultConfigurationName = Release;
		};
/* End XCConfigurationList section */
	};
	rootObject = 568E407E1F24DD890005D836 /* Project object */;
}
